
Microsoft Visual Studio Solution File, Format Version 12.00
# Visual Studio 15
VisualStudioVersion = 15.0.28010.2036
MinimumVisualStudioVersion = 10.0.40219.1
Project("{FAE04EC0-301F-11D3-BF4B-00C04F79EFBC}") = "SportsStore.Domain", "SportsStore.Domain\SportsStore.Domain.csproj", "{B155D303-1BF3-4FC5-B075-B92A2014736F}"
EndProject
Project("{FAE04EC0-301F-11D3-BF4B-00C04F79EFBC}") = "SportsStore.WebUI", "SportsStore.WebUI\SportsStore.WebUI.csproj", "{8F3B1828-54F0-4B50-BC0E-6D882D4350EC}"
EndProject
Project("{FAE04EC0-301F-11D3-BF4B-00C04F79EFBC}") = "SportsStore.UnitTests", "SportsStore.UnitTests\SportsStore.UnitTests.csproj", "{EC2AD263-6983-4CE2-B547-A7ED8481457A}"
EndProject
Global
	GlobalSection(SolutionConfigurationPlatforms) = preSolution
		Debug|Any CPU = Debug|Any CPU
		Release|Any CPU = Release|Any CPU
	EndGlobalSection
	GlobalSection(ProjectConfigurationPlatforms) = postSolution
		{B155D303-1BF3-4FC5-B075-B92A2014736F}.Debug|Any CPU.ActiveCfg = Debug|Any CPU
		{B155D303-1BF3-4FC5-B075-B92A2014736F}.Debug|Any CPU.Build.0 = Debug|Any CPU
		{B155D303-1BF3-4FC5-B075-B92A2014736F}.Release|Any CPU.ActiveCfg = Release|Any CPU
		{B155D303-1BF3-4FC5-B075-B92A2014736F}.Release|Any CPU.Build.0 = Release|Any CPU
		{8F3B1828-54F0-4B50-BC0E-6D882D4350EC}.Debug|Any CPU.ActiveCfg = Debug|Any CPU
		{8F3B1828-54F0-4B50-BC0E-6D882D4350EC}.Debug|Any CPU.Build.0 = Debug|Any CPU
		{8F3B1828-54F0-4B50-BC0E-6D882D4350EC}.Release|Any CPU.ActiveCfg = Release|Any CPU
		{8F3B1828-54F0-4B50-BC0E-6D882D4350EC}.Release|Any CPU.Build.0 = Release|Any CPU
		{EC2AD263-6983-4CE2-B547-A7ED8481457A}.Debug|Any CPU.ActiveCfg = Debug|Any CPU
		{EC2AD263-6983-4CE2-B547-A7ED8481457A}.Debug|Any CPU.Build.0 = Debug|Any CPU
		{EC2AD263-6983-4CE2-B547-A7ED8481457A}.Release|Any CPU.ActiveCfg = Release|Any CPU
		{EC2AD263-6983-4CE2-B547-A7ED8481457A}.Release|Any CPU.Build.0 = Release|Any CPU
	EndGlobalSection
	GlobalSection(SolutionProperties) = preSolution
		HideSolutionNode = FALSE
	EndGlobalSection
	GlobalSection(ExtensibilityGlobals) = postSolution
		SolutionGuid = {77E09661-2024-44BC-B792-A6C95EADEDA7}
	EndGlobalSection
EndGlobal
